{
  "lockfile_version": "1",
  "packages": {
    "github:NixOS/nixpkgs/nixpkgs-unstable": {
      "last_modified": "2026-05-22T01:51:30Z",
      "resolved": "github:NixOS/nixpkgs/6dedf69f94d03cbe7bdde106f2d4c23ae2a853bf?lastModified=1779414690&narHash=sha256-gOTcX%2F9MZVMUE0Xvb4IEcv%2B0TQJkZFNEnL757ljU360%3D"
    },
    "gradle": {
      "plugin_version": "0.0.1",
      "resolved": "github:NixOS/nixpkgs/6dedf69f94d03cbe7bdde106f2d4c23ae2a853bf?narHash=sha256-gOTcX%2F9MZVMUE0Xvb4IEcv%2B0TQJkZFNEnL757ljU360%3D#gradle",
      "source": "nixpkg",
      "systems": {
        "x86_64-linux": {
          "outputs": [
            {
              "path": "/nix/store/npzf468wf93gijr7fcksa5mc7bl2zmln-gradle-8.14.4",
              "default": true
            }
          ]
        }
      }
    },
    "jdk@17": {
      "last_modified": "2025-10-22T20:59:19Z",
      "resolved": "github:NixOS/nixpkgs/01b6809f7f9d1183a2b3e081f0a1e6f8f415cb09#jdk17",
      "source": "devbox-search",
      "version": "17.0.12",
      "systems": {
        "aarch64-darwin": {
          "outputs": [
            {
              "name": "out",
              "path": "/nix/store/hlm8a8cnp4hm8xkg0a2yy4kv7cq44jii-zulu-ca-jdk-17.0.12",
              "default": true
            }
          ],
          "store_path": "/nix/store/hlm8a8cnp4hm8xkg0a2yy4kv7cq44jii-zulu-ca-jdk-17.0.12"
        },
        "x86_64-darwin": {
          "outputs": [
            {
              "name": "out",
              "path": "/nix/store/i4zgq9685y6284hbf5a7ac9ysb88dvlz-zulu-ca-jdk-17.0.12",
              "default": true
            }
          ],
          "store_path": "/nix/store/i4zgq9685y6284hbf5a7ac9ysb88dvlz-zulu-ca-jdk-17.0.12"
        },
        "x86_64-linux": {
          "outputs": [
            {
              "path": "/nix/store/w7s5fm9zkdpbc6j3ns5zkr41gaj7y9xa-openjdk-17.0.17+8",
              "default": true
            }
          ]
        }
      }
    },
    "maven": {
      "resolved": "github:NixOS/nixpkgs/6dedf69f94d03cbe7bdde106f2d4c23ae2a853bf?narHash=sha256-gOTcX%2F9MZVMUE0Xvb4IEcv%2B0TQJkZFNEnL757ljU360%3D#maven",
      "source": "nixpkg",
      "systems": {
        "x86_64-linux": {
          "outputs": [
            {
              "path": "/nix/store/pfi6mjf7mi0hl0nzlbipdsycfq0z22p3-maven-3.9.12",
              "default": true
            }
          ]
        }
      }
    },
    "pre-commit@latest": {
      "last_modified": "2026-05-13T11:46:26Z",
      "resolved": "github:NixOS/nixpkgs/eef00dfd8a712b34af845f9350bac681b1228bd1#pre-commit",
      "source": "devbox-search",
      "version": "4.5.1",
      "systems": {
        "aarch64-darwin": {
          "outputs": [
            {
              "name": "out",
              "path": "/nix/store/4y39fninb80ps3y1bnc7xyv31b775iv4-pre-commit-4.5.1",
              "default": true
            },
            {
              "name": "dist",
              "path": "/nix/store/nc7n6xzxylg7yz99wpvya66fa59nj4ia-pre-commit-4.5.1-dist"
            }
          ],
          "store_path": "/nix/store/4y39fninb80ps3y1bnc7xyv31b775iv4-pre-commit-4.5.1"
        },
        "aarch64-linux": {
          "outputs": [
            {
              "name": "out",
              "path": "/nix/store/92335zilycqlwb1274csqaya0x026asa-pre-commit-4.5.1",
              "default": true
            },
            {
              "name": "dist",
              "path": "/nix/store/g115vm8wcjg1xrr4jzyrr75dain0q6lc-pre-commit-4.5.1-dist"
            }
          ],
          "store_path": "/nix/store/92335zilycqlwb1274csqaya0x026asa-pre-commit-4.5.1"
        },
        "x86_64-darwin": {
          "outputs": [
            {
              "name": "out",
              "path": "/nix/store/cyg8p7vsriyvh8ciq8iv1p8x33vcjia8-pre-commit-4.5.1",
              "default": true
            },
            {
              "name": "dist",
              "path": "/nix/store/07bqg3w88gl45vrx21x6rbnsg8c8p5xc-pre-commit-4.5.1-dist"
            }
          ],
          "store_path": "/nix/store/cyg8p7vsriyvh8ciq8iv1p8x33vcjia8-pre-commit-4.5.1"
        },
        "x86_64-linux": {
          "outputs": [
            {
              "name": "out",
              "path": "/nix/store/vahfa5p05q8zyjhj47i4543nzd47y24n-pre-commit-4.5.1",
              "default": true
            },
            {
              "name": "dist",
              "path": "/nix/store/wrwjqaz58lnq793za7qlk50zsbrqywpd-pre-commit-4.5.1-dist"
            }
          ],
          "store_path": "/nix/store/vahfa5p05q8zyjhj47i4543nzd47y24n-pre-commit-4.5.1"
        }
      }
    }
  }
}
